
Microsoft Visual Studio Solution File, Format Version 10.00
# Visual Studio 2008
Project("{FAE04EC0-301F-11D3-BF4B-00C04F79EFBC}") = "IniOpt", "IniOpt\IniOpt.csproj", "{95253A55-F5A9-4B0B-8C62-5009A68360FF}"
EndProject
Project("{FAE04EC0-301F-11D3-BF4B-00C04F79EFBC}") = "TstLib", "TstLib\TstLib.csproj", "{3F5E8DB0-840B-4BE1-8529-025D72641867}"
EndProject
Global
	GlobalSection(SolutionConfigurationPlatforms) = preSolution
		Debug|Any CPU = Debug|Any CPU
		Release|Any CPU = Release|Any CPU
	EndGlobalSection
	GlobalSection(ProjectConfigurationPlatforms) = postSolution
		{95253A55-F5A9-4B0B-8C62-5009A68360FF}.Debug|Any CPU.ActiveCfg = Debug|Any CPU
		{95253A55-F5A9-4B0B-8C62-5009A68360FF}.Debug|Any CPU.Build.0 = Debug|Any CPU
		{95253A55-F5A9-4B0B-8C62-5009A68360FF}.Release|Any CPU.ActiveCfg = Release|Any CPU
		{95253A55-F5A9-4B0B-8C62-5009A68360FF}.Release|Any CPU.Build.0 = Release|Any CPU
		{3F5E8DB0-840B-4BE1-8529-025D72641867}.Debug|Any CPU.ActiveCfg = Debug|Any CPU
		{3F5E8DB0-840B-4BE1-8529-025D72641867}.Debug|Any CPU.Build.0 = Debug|Any CPU
		{3F5E8DB0-840B-4BE1-8529-025D72641867}.Release|Any CPU.ActiveCfg = Release|Any CPU
		{3F5E8DB0-840B-4BE1-8529-025D72641867}.Release|Any CPU.Build.0 = Release|Any CPU
	EndGlobalSection
	GlobalSection(SolutionProperties) = preSolution
		HideSolutionNode = FALSE
	EndGlobalSection
EndGlobal
